
Microsoft Visual Studio Solution File, Format Version 12.00
# Visual Studio Version 17
VisualStudioVersion = 17.6.33815.320
MinimumVisualStudioVersion = 10.0.40219.1
Project("{FAE04EC0-301F-11D3-BF4B-00C04F79EFBC}") = "csharp-linked-lists", "csharp-linked-lists.csproj", "{2CFAA455-7B9F-4A52-A43D-643326265CA4}"
EndProject
Global
	GlobalSection(SolutionConfigurationPlatforms) = preSolution
		Debug|Any CPU = Debug|Any CPU
		Release|Any CPU = Release|Any CPU
	EndGlobalSection
	GlobalSection(ProjectConfigurationPlatforms) = postSolution
		{2CFAA455-7B9F-4A52-A43D-643326265CA4}.Debug|Any CPU.ActiveCfg = Debug|Any CPU
		{2CFAA455-7B9F-4A52-A43D-643326265CA4}.Debug|Any CPU.Build.0 = Debug|Any CPU
		{2CFAA455-7B9F-4A52-A43D-643326265CA4}.Release|Any CPU.ActiveCfg = Release|Any CPU
		{2CFAA455-7B9F-4A52-A43D-643326265CA4}.Release|Any CPU.Build.0 = Release|Any CPU
	EndGlobalSection
	GlobalSection(SolutionProperties) = preSolution
		HideSolutionNode = FALSE
	EndGlobalSection
	GlobalSection(ExtensibilityGlobals) = postSolution
		SolutionGuid = {425F39FC-2012-4E7D-B50C-42236AD07AB8}
	EndGlobalSection
EndGlobal
